
Microsoft Visual Studio Solution File, Format Version 12.00
# Visual Studio Version 17
VisualStudioVersion = 17.1.32414.318
MinimumVisualStudioVersion = 10.0.40219.1
Project("{FAE04EC0-301F-11D3-BF4B-00C04F79EFBC}") = "StudentsWebApi", "StudentsWebApi\StudentsWebApi.csproj", "{8FD4C62B-FE0C-4F9F-8666-E542FC7D4DBE}"
EndProject
Global
	GlobalSection(SolutionConfigurationPlatforms) = preSolution
		Debug|Any CPU = Debug|Any CPU
		Release|Any CPU = Release|Any CPU
	EndGlobalSection
	GlobalSection(ProjectConfigurationPlatforms) = postSolution
		{8FD4C62B-FE0C-4F9F-8666-E542FC7D4DBE}.Debug|Any CPU.ActiveCfg = Debug|Any CPU
		{8FD4C62B-FE0C-4F9F-8666-E542FC7D4DBE}.Debug|Any CPU.Build.0 = Debug|Any CPU
		{8FD4C62B-FE0C-4F9F-8666-E542FC7D4DBE}.Release|Any CPU.ActiveCfg = Release|Any CPU
		{8FD4C62B-FE0C-4F9F-8666-E542FC7D4DBE}.Release|Any CPU.Build.0 = Release|Any CPU
	EndGlobalSection
	GlobalSection(SolutionProperties) = preSolution
		HideSolutionNode = FALSE
	EndGlobalSection
	GlobalSection(ExtensibilityGlobals) = postSolution
		SolutionGuid = {7F0C0190-FF2B-486C-9E56-B698EE505ACA}
	EndGlobalSection
EndGlobal
